
Microsoft Visual Studio Solution File, Format Version 12.00
# Visual Studio Version 16
VisualStudioVersion = 16.0.31702.278
MinimumVisualStudioVersion = 10.0.40219.1
Project("{FAE04EC0-301F-11D3-BF4B-00C04F79EFBC}") = "md-vs2019-pullRequestDemo", "md-vs2019-pullRequestDemo\md-vs2019-pullRequestDemo.csproj", "{B239A78C-94E5-4B69-9E71-F232CA58DBE5}"
EndProject
Global
	GlobalSection(SolutionConfigurationPlatforms) = preSolution
		Debug|Any CPU = Debug|Any CPU
		Release|Any CPU = Release|Any CPU
	EndGlobalSection
	GlobalSection(ProjectConfigurationPlatforms) = postSolution
		{B239A78C-94E5-4B69-9E71-F232CA58DBE5}.Debug|Any CPU.ActiveCfg = Debug|Any CPU
		{B239A78C-94E5-4B69-9E71-F232CA58DBE5}.Debug|Any CPU.Build.0 = Debug|Any CPU
		{B239A78C-94E5-4B69-9E71-F232CA58DBE5}.Release|Any CPU.ActiveCfg = Release|Any CPU
		{B239A78C-94E5-4B69-9E71-F232CA58DBE5}.Release|Any CPU.Build.0 = Release|Any CPU
	EndGlobalSection
	GlobalSection(SolutionProperties) = preSolution
		HideSolutionNode = FALSE
	EndGlobalSection
	GlobalSection(ExtensibilityGlobals) = postSolution
		SolutionGuid = {89178D69-7370-415C-B9FD-7DB7AF1A9A33}
	EndGlobalSection
EndGlobal
